{
  "name": "deepburn",
  "lockfileVersion": 3,
  "requires": true,
  "packages": {
    "": {
      "dependencies": {
        "browser-id3-writer": "^6.3.0"
      }
    },
    "node_modules/browser-id3-writer": {
      "version": "6.3.0",
      "resolved": "https://registry.npmjs.org/browser-id3-writer/-/browser-id3-writer-6.3.0.tgz",
      "integrity": "sha512-vYefj78XFPcvPq4yjiGSMC/gABbHguq+Krqj6xIjBj8j3VudaGj59qiAy0dco4BTy0CfZorMcaGfi+byeFvmtg=="
    }
  }
}
